
Microsoft Visual Studio Solution File, Format Version 12.00
# Visual Studio 14
VisualStudioVersion = 14.0.25420.1
MinimumVisualStudioVersion = 10.0.40219.1
Project("{FAE04EC0-301F-11D3-BF4B-00C04F79EFBC}") = "Examples_ASPNet", "Examples_ASPNet\Examples_ASPNet.csproj", "{2B910DB8-A9F1-4C8D-B5BE-DC7E6A22EDF4}"
EndProject
Project("{FAE04EC0-301F-11D3-BF4B-00C04F79EFBC}") = "Examples_ASPNet.Tests", "Examples_ASPNet.Tests\Examples_ASPNet.Tests.csproj", "{89E94521-0A79-4C6C-BEA7-371E1F5CF3BC}"
EndProject
Global
	GlobalSection(SolutionConfigurationPlatforms) = preSolution
		Debug|Any CPU = Debug|Any CPU
		Release|Any CPU = Release|Any CPU
	EndGlobalSection
	GlobalSection(ProjectConfigurationPlatforms) = postSolution
		{2B910DB8-A9F1-4C8D-B5BE-DC7E6A22EDF4}.Debug|Any CPU.ActiveCfg = Debug|Any CPU
		{2B910DB8-A9F1-4C8D-B5BE-DC7E6A22EDF4}.Debug|Any CPU.Build.0 = Debug|Any CPU
		{2B910DB8-A9F1-4C8D-B5BE-DC7E6A22EDF4}.Release|Any CPU.ActiveCfg = Release|Any CPU
		{2B910DB8-A9F1-4C8D-B5BE-DC7E6A22EDF4}.Release|Any CPU.Build.0 = Release|Any CPU
		{89E94521-0A79-4C6C-BEA7-371E1F5CF3BC}.Debug|Any CPU.ActiveCfg = Debug|Any CPU
		{89E94521-0A79-4C6C-BEA7-371E1F5CF3BC}.Debug|Any CPU.Build.0 = Debug|Any CPU
		{89E94521-0A79-4C6C-BEA7-371E1F5CF3BC}.Release|Any CPU.ActiveCfg = Release|Any CPU
		{89E94521-0A79-4C6C-BEA7-371E1F5CF3BC}.Release|Any CPU.Build.0 = Release|Any CPU
	EndGlobalSection
	GlobalSection(SolutionProperties) = preSolution
		HideSolutionNode = FALSE
	EndGlobalSection
EndGlobal
